
Microsoft Visual Studio Solution File, Format Version 12.00
# Visual Studio Version 16
VisualStudioVersion = 16.0.32901.82
MinimumVisualStudioVersion = 10.0.40219.1
Project("{FAE04EC0-301F-11D3-BF4B-00C04F79EFBC}") = "Hizmet_MusMemnuniyet", "Hizmet_MusMemnuniyet\Hizmet_MusMemnuniyet.csproj", "{8AA96E79-0876-4728-BE11-A657CBC7C7EF}"
EndProject
Project("{FAE04EC0-301F-11D3-BF4B-00C04F79EFBC}") = "Hizmet_Guncelleme", "Hizmet_Guncelleme\Hizmet_Guncelleme.csproj", "{453A37AE-9474-4FDF-9C91-5662B59F54CF}"
EndProject
Global
	GlobalSection(SolutionConfigurationPlatforms) = preSolution
		Debug|Any CPU = Debug|Any CPU
		Release|Any CPU = Release|Any CPU
	EndGlobalSection
	GlobalSection(ProjectConfigurationPlatforms) = postSolution
		{8AA96E79-0876-4728-BE11-A657CBC7C7EF}.Debug|Any CPU.ActiveCfg = Debug|Any CPU
		{8AA96E79-0876-4728-BE11-A657CBC7C7EF}.Debug|Any CPU.Build.0 = Debug|Any CPU
		{8AA96E79-0876-4728-BE11-A657CBC7C7EF}.Release|Any CPU.ActiveCfg = Release|Any CPU
		{8AA96E79-0876-4728-BE11-A657CBC7C7EF}.Release|Any CPU.Build.0 = Release|Any CPU
		{453A37AE-9474-4FDF-9C91-5662B59F54CF}.Debug|Any CPU.ActiveCfg = Debug|Any CPU
		{453A37AE-9474-4FDF-9C91-5662B59F54CF}.Debug|Any CPU.Build.0 = Debug|Any CPU
		{453A37AE-9474-4FDF-9C91-5662B59F54CF}.Release|Any CPU.ActiveCfg = Release|Any CPU
		{453A37AE-9474-4FDF-9C91-5662B59F54CF}.Release|Any CPU.Build.0 = Release|Any CPU
	EndGlobalSection
	GlobalSection(SolutionProperties) = preSolution
		HideSolutionNode = FALSE
	EndGlobalSection
	GlobalSection(ExtensibilityGlobals) = postSolution
		SolutionGuid = {C3E39260-F559-4832-969D-765ADDBD69C2}
	EndGlobalSection
EndGlobal
